
Microsoft Visual Studio Solution File, Format Version 11.00
# Visual Studio 2010
Project("{FAE04EC0-301F-11D3-BF4B-00C04F79EFBC}") = "4SC1WCFServer", "4SC1WCFServer\4SC1WCFServer.csproj", "{98154B7F-6831-46F2-84A1-77D8C932C43E}"
EndProject
Global
	GlobalSection(SolutionConfigurationPlatforms) = preSolution
		Debug|Any CPU = Debug|Any CPU
		Release|Any CPU = Release|Any CPU
	EndGlobalSection
	GlobalSection(ProjectConfigurationPlatforms) = postSolution
		{98154B7F-6831-46F2-84A1-77D8C932C43E}.Debug|Any CPU.ActiveCfg = Debug|Any CPU
		{98154B7F-6831-46F2-84A1-77D8C932C43E}.Debug|Any CPU.Build.0 = Debug|Any CPU
		{98154B7F-6831-46F2-84A1-77D8C932C43E}.Release|Any CPU.ActiveCfg = Release|Any CPU
		{98154B7F-6831-46F2-84A1-77D8C932C43E}.Release|Any CPU.Build.0 = Release|Any CPU
	EndGlobalSection
	GlobalSection(SolutionProperties) = preSolution
		HideSolutionNode = FALSE
	EndGlobalSection
EndGlobal
